
Microsoft Visual Studio Solution File, Format Version 12.00
# Visual Studio Version 17
VisualStudioVersion = 17.0.31903.59
MinimumVisualStudioVersion = 10.0.40219.1
Project("{2150E333-8FDC-42A3-9474-1A3956D46DE8}") = "source", "source", "{A421F6CA-674D-4D05-9C4E-CCC81B1111A0}"
EndProject
Project("{2150E333-8FDC-42A3-9474-1A3956D46DE8}") = "Client", "Client", "{671DE87E-77AD-48D0-8F4C-45C635D8566C}"
EndProject
Project("{2150E333-8FDC-42A3-9474-1A3956D46DE8}") = "Server", "Server", "{CAEBE537-8712-425E-B61C-F979F3F45CB3}"
EndProject
Project("{9A19103F-16F7-4668-BE54-9A1E7A4F7556}") = "Reoria.Client", "source\Reoria.Client\Reoria.Client.csproj", "{A05894C3-EBA2-4500-9ED9-81CBFA121706}"
	ProjectSection(ProjectDependencies) = postProject
		{02042065-08DD-4F02-86A9-69A80CF08A57} = {02042065-08DD-4F02-86A9-69A80CF08A57}
		{4DFF6CF4-2EA6-4CF9-AC1A-9D7473B73263} = {4DFF6CF4-2EA6-4CF9-AC1A-9D7473B73263}
		{A87E1233-AEF7-46E9-B1CC-6D905CC87A6A} = {A87E1233-AEF7-46E9-B1CC-6D905CC87A6A}
		{EFB46D99-A9CF-48D9-8660-CE9CCD52272E} = {EFB46D99-A9CF-48D9-8660-CE9CCD52272E}
	EndProjectSection
EndProject
Project("{9A19103F-16F7-4668-BE54-9A1E7A4F7556}") = "Reoria.Client.MonoGame", "source\Reoria.Client.MonoGame\Reoria.Client.MonoGame.csproj", "{EFB46D99-A9CF-48D9-8660-CE9CCD52272E}"
	ProjectSection(ProjectDependencies) = postProject
		{02042065-08DD-4F02-86A9-69A80CF08A57} = {02042065-08DD-4F02-86A9-69A80CF08A57}
		{4DFF6CF4-2EA6-4CF9-AC1A-9D7473B73263} = {4DFF6CF4-2EA6-4CF9-AC1A-9D7473B73263}
		{A87E1233-AEF7-46E9-B1CC-6D905CC87A6A} = {A87E1233-AEF7-46E9-B1CC-6D905CC87A6A}
	EndProjectSection
EndProject
Project("{9A19103F-16F7-4668-BE54-9A1E7A4F7556}") = "Reoria.Server", "source\Reoria.Server\Reoria.Server.csproj", "{EA0D84CF-D35C-4378-B912-6B8FCD05B512}"
	ProjectSection(ProjectDependencies) = postProject
		{02042065-08DD-4F02-86A9-69A80CF08A57} = {02042065-08DD-4F02-86A9-69A80CF08A57}
		{4DFF6CF4-2EA6-4CF9-AC1A-9D7473B73263} = {4DFF6CF4-2EA6-4CF9-AC1A-9D7473B73263}
		{A87E1233-AEF7-46E9-B1CC-6D905CC87A6A} = {A87E1233-AEF7-46E9-B1CC-6D905CC87A6A}
	EndProjectSection
EndProject
Project("{9A19103F-16F7-4668-BE54-9A1E7A4F7556}") = "Reoria", "source\Reoria\Reoria.csproj", "{A87E1233-AEF7-46E9-B1CC-6D905CC87A6A}"
EndProject
Project("{9A19103F-16F7-4668-BE54-9A1E7A4F7556}") = "Reoria.Network", "source\Reoria.Network\Reoria.Network.csproj", "{02042065-08DD-4F02-86A9-69A80CF08A57}"
	ProjectSection(ProjectDependencies) = postProject
		{A87E1233-AEF7-46E9-B1CC-6D905CC87A6A} = {A87E1233-AEF7-46E9-B1CC-6D905CC87A6A}
	EndProjectSection
EndProject
Project("{9A19103F-16F7-4668-BE54-9A1E7A4F7556}") = "Reoria.Game", "source\Reoria.Game\Reoria.Game.csproj", "{4DFF6CF4-2EA6-4CF9-AC1A-9D7473B73263}"
	ProjectSection(ProjectDependencies) = postProject
		{02042065-08DD-4F02-86A9-69A80CF08A57} = {02042065-08DD-4F02-86A9-69A80CF08A57}
		{A87E1233-AEF7-46E9-B1CC-6D905CC87A6A} = {A87E1233-AEF7-46E9-B1CC-6D905CC87A6A}
	EndProjectSection
EndProject
Global
	GlobalSection(SolutionConfigurationPlatforms) = preSolution
		Debug|Any CPU = Debug|Any CPU
		Debug|ARM = Debug|ARM
		Debug|iPhone = Debug|iPhone
		Debug|iPhoneSimulator = Debug|iPhoneSimulator
		Debug|x64 = Debug|x64
		Debug|x86 = Debug|x86
		Release|Any CPU = Release|Any CPU
		Release|ARM = Release|ARM
		Release|iPhone = Release|iPhone
		Release|iPhoneSimulator = Release|iPhoneSimulator
		Release|x64 = Release|x64
		Release|x86 = Release|x86
	EndGlobalSection
	GlobalSection(ProjectConfigurationPlatforms) = postSolution
		{A05894C3-EBA2-4500-9ED9-81CBFA121706}.Debug|Any CPU.ActiveCfg = Debug|Any CPU
		{A05894C3-EBA2-4500-9ED9-81CBFA121706}.Debug|Any CPU.Build.0 = Debug|Any CPU
		{A05894C3-EBA2-4500-9ED9-81CBFA121706}.Debug|ARM.ActiveCfg = Debug|Any CPU
		{A05894C3-EBA2-4500-9ED9-81CBFA121706}.Debug|ARM.Build.0 = Debug|Any CPU
		{A05894C3-EBA2-4500-9ED9-81CBFA121706}.Debug|iPhone.ActiveCfg = Debug|Any CPU
		{A05894C3-EBA2-4500-9ED9-81CBFA121706}.Debug|iPhone.Build.0 = Debug|Any CPU
		{A05894C3-EBA2-4500-9ED9-81CBFA121706}.Debug|iPhoneSimulator.ActiveCfg = Debug|Any CPU
		{A05894C3-EBA2-4500-9ED9-81CBFA121706}.Debug|iPhoneSimulator.Build.0 = Debug|Any CPU
		{A05894C3-EBA2-4500-9ED9-81CBFA121706}.Debug|x64.ActiveCfg = Debug|Any CPU
		{A05894C3-EBA2-4500-9ED9-81CBFA121706}.Debug|x64.Build.0 = Debug|Any CPU
		{A05894C3-EBA2-4500-9ED9-81CBFA121706}.Debug|x86.ActiveCfg = Debug|Any CPU
		{A05894C3-EBA2-4500-9ED9-81CBFA121706}.Debug|x86.Build.0 = Debug|Any CPU
		{A05894C3-EBA2-4500-9ED9-81CBFA121706}.Release|Any CPU.ActiveCfg = Release|Any CPU
		{A05894C3-EBA2-4500-9ED9-81CBFA121706}.Release|Any CPU.Build.0 = Release|Any CPU
		{A05894C3-EBA2-4500-9ED9-81CBFA121706}.Release|ARM.ActiveCfg = Release|Any CPU
		{A05894C3-EBA2-4500-9ED9-81CBFA121706}.Release|ARM.Build.0 = Release|Any CPU
		{A05894C3-EBA2-4500-9ED9-81CBFA121706}.Release|iPhone.ActiveCfg = Release|Any CPU
		{A05894C3-EBA2-4500-9ED9-81CBFA121706}.Release|iPhone.Build.0 = Release|Any CPU
		{A05894C3-EBA2-4500-9ED9-81CBFA121706}.Release|iPhoneSimulator.ActiveCfg = Release|Any CPU
		{A05894C3-EBA2-4500-9ED9-81CBFA121706}.Release|iPhoneSimulator.Build.0 = Release|Any CPU
		{A05894C3-EBA2-4500-9ED9-81CBFA121706}.Release|x64.ActiveCfg = Release|Any CPU
		{A05894C3-EBA2-4500-9ED9-81CBFA121706}.Release|x64.Build.0 = Release|Any CPU
		{A05894C3-EBA2-4500-9ED9-81CBFA121706}.Release|x86.ActiveCfg = Release|Any CPU
		{A05894C3-EBA2-4500-9ED9-81CBFA121706}.Release|x86.Build.0 = Release|Any CPU
		{EFB46D99-A9CF-48D9-8660-CE9CCD52272E}.Debug|Any CPU.ActiveCfg = Debug|Any CPU
		{EFB46D99-A9CF-48D9-8660-CE9CCD52272E}.Debug|Any CPU.Build.0 = Debug|Any CPU
		{EFB46D99-A9CF-48D9-8660-CE9CCD52272E}.Debug|ARM.ActiveCfg = Debug|Any CPU
		{EFB46D99-A9CF-48D9-8660-CE9CCD52272E}.Debug|ARM.Build.0 = Debug|Any CPU
		{EFB46D99-A9CF-48D9-8660-CE9CCD52272E}.Debug|iPhone.ActiveCfg = Debug|Any CPU
		{EFB46D99-A9CF-48D9-8660-CE9CCD52272E}.Debug|iPhone.Build.0 = Debug|Any CPU
		{EFB46D99-A9CF-48D9-8660-CE9CCD52272E}.Debug|iPhoneSimulator.ActiveCfg = Debug|Any CPU
		{EFB46D99-A9CF-48D9-8660-CE9CCD52272E}.Debug|iPhoneSimulator.Build.0 = Debug|Any CPU
		{EFB46D99-A9CF-48D9-8660-CE9CCD52272E}.Debug|x64.ActiveCfg = Debug|Any CPU
		{EFB46D99-A9CF-48D9-8660-CE9CCD52272E}.Debug|x64.Build.0 = Debug|Any CPU
		{EFB46D99-A9CF-48D9-8660-CE9CCD52272E}.Debug|x86.ActiveCfg = Debug|Any CPU
		{EFB46D99-A9CF-48D9-8660-CE9CCD52272E}.Debug|x86.Build.0 = Debug|Any CPU
		{EFB46D99-A9CF-48D9-8660-CE9CCD52272E}.Release|Any CPU.ActiveCfg = Release|Any CPU
		{EFB46D99-A9CF-48D9-8660-CE9CCD52272E}.Release|Any CPU.Build.0 = Release|Any CPU
		{EFB46D99-A9CF-48D9-8660-CE9CCD52272E}.Release|ARM.ActiveCfg = Release|Any CPU
		{EFB46D99-A9CF-48D9-8660-CE9CCD52272E}.Release|ARM.Build.0 = Release|Any CPU
		{EFB46D99-A9CF-48D9-8660-CE9CCD52272E}.Release|iPhone.ActiveCfg = Release|Any CPU
		{EFB46D99-A9CF-48D9-8660-CE9CCD52272E}.Release|iPhone.Build.0 = Release|Any CPU
		{EFB46D99-A9CF-48D9-8660-CE9CCD52272E}.Release|iPhoneSimulator.ActiveCfg = Release|Any CPU
		{EFB46D99-A9CF-48D9-8660-CE9CCD52272E}.Release|iPhoneSimulator.Build.0 = Release|Any CPU
		{EFB46D99-A9CF-48D9-8660-CE9CCD52272E}.Release|x64.ActiveCfg = Release|Any CPU
		{EFB46D99-A9CF-48D9-8660-CE9CCD52272E}.Release|x64.Build.0 = Release|Any CPU
		{EFB46D99-A9CF-48D9-8660-CE9CCD52272E}.Release|x86.ActiveCfg = Release|Any CPU
		{EFB46D99-A9CF-48D9-8660-CE9CCD52272E}.Release|x86.Build.0 = Release|Any CPU
		{EA0D84CF-D35C-4378-B912-6B8FCD05B512}.Debug|Any CPU.ActiveCfg = Debug|Any CPU
		{EA0D84CF-D35C-4378-B912-6B8FCD05B512}.Debug|Any CPU.Build.0 = Debug|Any CPU
		{EA0D84CF-D35C-4378-B912-6B8FCD05B512}.Debug|ARM.ActiveCfg = Debug|Any CPU
		{EA0D84CF-D35C-4378-B912-6B8FCD05B512}.Debug|ARM.Build.0 = Debug|Any CPU
		{EA0D84CF-D35C-4378-B912-6B8FCD05B512}.Debug|iPhone.ActiveCfg = Debug|Any CPU
		{EA0D84CF-D35C-4378-B912-6B8FCD05B512}.Debug|iPhone.Build.0 = Debug|Any CPU
		{EA0D84CF-D35C-4378-B912-6B8FCD05B512}.Debug|iPhoneSimulator.ActiveCfg = Debug|Any CPU
		{EA0D84CF-D35C-4378-B912-6B8FCD05B512}.Debug|iPhoneSimulator.Build.0 = Debug|Any CPU
		{EA0D84CF-D35C-4378-B912-6B8FCD05B512}.Debug|x64.ActiveCfg = Debug|Any CPU
		{EA0D84CF-D35C-4378-B912-6B8FCD05B512}.Debug|x64.Build.0 = Debug|Any CPU
		{EA0D84CF-D35C-4378-B912-6B8FCD05B512}.Debug|x86.ActiveCfg = Debug|Any CPU
		{EA0D84CF-D35C-4378-B912-6B8FCD05B512}.Debug|x86.Build.0 = Debug|Any CPU
		{EA0D84CF-D35C-4378-B912-6B8FCD05B512}.Release|Any CPU.ActiveCfg = Release|Any CPU
		{EA0D84CF-D35C-4378-B912-6B8FCD05B512}.Release|Any CPU.Build.0 = Release|Any CPU
		{EA0D84CF-D35C-4378-B912-6B8FCD05B512}.Release|ARM.ActiveCfg = Release|Any CPU
		{EA0D84CF-D35C-4378-B912-6B8FCD05B512}.Release|ARM.Build.0 = Release|Any CPU
		{EA0D84CF-D35C-4378-B912-6B8FCD05B512}.Release|iPhone.ActiveCfg = Release|Any CPU
		{EA0D84CF-D35C-4378-B912-6B8FCD05B512}.Release|iPhone.Build.0 = Release|Any CPU
		{EA0D84CF-D35C-4378-B912-6B8FCD05B512}.Release|iPhoneSimulator.ActiveCfg = Release|Any CPU
		{EA0D84CF-D35C-4378-B912-6B8FCD05B512}.Release|iPhoneSimulator.Build.0 = Release|Any CPU
		{EA0D84CF-D35C-4378-B912-6B8FCD05B512}.Release|x64.ActiveCfg = Release|Any CPU
		{EA0D84CF-D35C-4378-B912-6B8FCD05B512}.Release|x64.Build.0 = Release|Any CPU
		{EA0D84CF-D35C-4378-B912-6B8FCD05B512}.Release|x86.ActiveCfg = Release|Any CPU
		{EA0D84CF-D35C-4378-B912-6B8FCD05B512}.Release|x86.Build.0 = Release|Any CPU
		{A87E1233-AEF7-46E9-B1CC-6D905CC87A6A}.Debug|Any CPU.ActiveCfg = Debug|Any CPU
		{A87E1233-AEF7-46E9-B1CC-6D905CC87A6A}.Debug|Any CPU.Build.0 = Debug|Any CPU
		{A87E1233-AEF7-46E9-B1CC-6D905CC87A6A}.Debug|ARM.ActiveCfg = Debug|Any CPU
		{A87E1233-AEF7-46E9-B1CC-6D905CC87A6A}.Debug|ARM.Build.0 = Debug|Any CPU
		{A87E1233-AEF7-46E9-B1CC-6D905CC87A6A}.Debug|iPhone.ActiveCfg = Debug|Any CPU
		{A87E1233-AEF7-46E9-B1CC-6D905CC87A6A}.Debug|iPhone.Build.0 = Debug|Any CPU
		{A87E1233-AEF7-46E9-B1CC-6D905CC87A6A}.Debug|iPhoneSimulator.ActiveCfg = Debug|Any CPU
		{A87E1233-AEF7-46E9-B1CC-6D905CC87A6A}.Debug|iPhoneSimulator.Build.0 = Debug|Any CPU
		{A87E1233-AEF7-46E9-B1CC-6D905CC87A6A}.Debug|x64.ActiveCfg = Debug|Any CPU
		{A87E1233-AEF7-46E9-B1CC-6D905CC87A6A}.Debug|x64.Build.0 = Debug|Any CPU
		{A87E1233-AEF7-46E9-B1CC-6D905CC87A6A}.Debug|x86.ActiveCfg = Debug|Any CPU
		{A87E1233-AEF7-46E9-B1CC-6D905CC87A6A}.Debug|x86.Build.0 = Debug|Any CPU
		{A87E1233-AEF7-46E9-B1CC-6D905CC87A6A}.Release|Any CPU.ActiveCfg = Release|Any CPU
		{A87E1233-AEF7-46E9-B1CC-6D905CC87A6A}.Release|Any CPU.Build.0 = Release|Any CPU
		{A87E1233-AEF7-46E9-B1CC-6D905CC87A6A}.Release|ARM.ActiveCfg = Release|Any CPU
		{A87E1233-AEF7-46E9-B1CC-6D905CC87A6A}.Release|ARM.Build.0 = Release|Any CPU
		{A87E1233-AEF7-46E9-B1CC-6D905CC87A6A}.Release|iPhone.ActiveCfg = Release|Any CPU
		{A87E1233-AEF7-46E9-B1CC-6D905CC87A6A}.Release|iPhone.Build.0 = Release|Any CPU
		{A87E1233-AEF7-46E9-B1CC-6D905CC87A6A}.Release|iPhoneSimulator.ActiveCfg = Release|Any CPU
		{A87E1233-AEF7-46E9-B1CC-6D905CC87A6A}.Release|iPhoneSimulator.Build.0 = Release|Any CPU
		{A87E1233-AEF7-46E9-B1CC-6D905CC87A6A}.Release|x64.ActiveCfg = Release|Any CPU
		{A87E1233-AEF7-46E9-B1CC-6D905CC87A6A}.Release|x64.Build.0 = Release|Any CPU
		{A87E1233-AEF7-46E9-B1CC-6D905CC87A6A}.Release|x86.ActiveCfg = Release|Any CPU
		{A87E1233-AEF7-46E9-B1CC-6D905CC87A6A}.Release|x86.Build.0 = Release|Any CPU
		{02042065-08DD-4F02-86A9-69A80CF08A57}.Debug|Any CPU.ActiveCfg = Debug|Any CPU
		{02042065-08DD-4F02-86A9-69A80CF08A57}.Debug|Any CPU.Build.0 = Debug|Any CPU
		{02042065-08DD-4F02-86A9-69A80CF08A57}.Debug|ARM.ActiveCfg = Debug|Any CPU
		{02042065-08DD-4F02-86A9-69A80CF08A57}.Debug|ARM.Build.0 = Debug|Any CPU
		{02042065-08DD-4F02-86A9-69A80CF08A57}.Debug|iPhone.ActiveCfg = Debug|Any CPU
		{02042065-08DD-4F02-86A9-69A80CF08A57}.Debug|iPhone.Build.0 = Debug|Any CPU
		{02042065-08DD-4F02-86A9-69A80CF08A57}.Debug|iPhoneSimulator.ActiveCfg = Debug|Any CPU
		{02042065-08DD-4F02-86A9-69A80CF08A57}.Debug|iPhoneSimulator.Build.0 = Debug|Any CPU
		{02042065-08DD-4F02-86A9-69A80CF08A57}.Debug|x64.ActiveCfg = Debug|Any CPU
		{02042065-08DD-4F02-86A9-69A80CF08A57}.Debug|x64.Build.0 = Debug|Any CPU
		{02042065-08DD-4F02-86A9-69A80CF08A57}.Debug|x86.ActiveCfg = Debug|Any CPU
		{02042065-08DD-4F02-86A9-69A80CF08A57}.Debug|x86.Build.0 = Debug|Any CPU
		{02042065-08DD-4F02-86A9-69A80CF08A57}.Release|Any CPU.ActiveCfg = Release|Any CPU
		{02042065-08DD-4F02-86A9-69A80CF08A57}.Release|Any CPU.Build.0 = Release|Any CPU
		{02042065-08DD-4F02-86A9-69A80CF08A57}.Release|ARM.ActiveCfg = Release|Any CPU
		{02042065-08DD-4F02-86A9-69A80CF08A57}.Release|ARM.Build.0 = Release|Any CPU
		{02042065-08DD-4F02-86A9-69A80CF08A57}.Release|iPhone.ActiveCfg = Release|Any CPU
		{02042065-08DD-4F02-86A9-69A80CF08A57}.Release|iPhone.Build.0 = Release|Any CPU
		{02042065-08DD-4F02-86A9-69A80CF08A57}.Release|iPhoneSimulator.ActiveCfg = Release|Any CPU
		{02042065-08DD-4F02-86A9-69A80CF08A57}.Release|iPhoneSimulator.Build.0 = Release|Any CPU
		{02042065-08DD-4F02-86A9-69A80CF08A57}.Release|x64.ActiveCfg = Release|Any CPU
		{02042065-08DD-4F02-86A9-69A80CF08A57}.Release|x64.Build.0 = Release|Any CPU
		{02042065-08DD-4F02-86A9-69A80CF08A57}.Release|x86.ActiveCfg = Release|Any CPU
		{02042065-08DD-4F02-86A9-69A80CF08A57}.Release|x86.Build.0 = Release|Any CPU
		{4DFF6CF4-2EA6-4CF9-AC1A-9D7473B73263}.Debug|Any CPU.ActiveCfg = Debug|Any CPU
		{4DFF6CF4-2EA6-4CF9-AC1A-9D7473B73263}.Debug|Any CPU.Build.0 = Debug|Any CPU
		{4DFF6CF4-2EA6-4CF9-AC1A-9D7473B73263}.Debug|ARM.ActiveCfg = Debug|Any CPU
		{4DFF6CF4-2EA6-4CF9-AC1A-9D7473B73263}.Debug|ARM.Build.0 = Debug|Any CPU
		{4DFF6CF4-2EA6-4CF9-AC1A-9D7473B73263}.Debug|iPhone.ActiveCfg = Debug|Any CPU
		{4DFF6CF4-2EA6-4CF9-AC1A-9D7473B73263}.Debug|iPhone.Build.0 = Debug|Any CPU
		{4DFF6CF4-2EA6-4CF9-AC1A-9D7473B73263}.Debug|iPhoneSimulator.ActiveCfg = Debug|Any CPU
		{4DFF6CF4-2EA6-4CF9-AC1A-9D7473B73263}.Debug|iPhoneSimulator.Build.0 = Debug|Any CPU
		{4DFF6CF4-2EA6-4CF9-AC1A-9D7473B73263}.Debug|x64.ActiveCfg = Debug|Any CPU
		{4DFF6CF4-2EA6-4CF9-AC1A-9D7473B73263}.Debug|x64.Build.0 = Debug|Any CPU
		{4DFF6CF4-2EA6-4CF9-AC1A-9D7473B73263}.Debug|x86.ActiveCfg = Debug|Any CPU
		{4DFF6CF4-2EA6-4CF9-AC1A-9D7473B73263}.Debug|x86.Build.0 = Debug|Any CPU
		{4DFF6CF4-2EA6-4CF9-AC1A-9D7473B73263}.Release|Any CPU.ActiveCfg = Release|Any CPU
		{4DFF6CF4-2EA6-4CF9-AC1A-9D7473B73263}.Release|Any CPU.Build.0 = Release|Any CPU
		{4DFF6CF4-2EA6-4CF9-AC1A-9D7473B73263}.Release|ARM.ActiveCfg = Release|Any CPU
		{4DFF6CF4-2EA6-4CF9-AC1A-9D7473B73263}.Release|ARM.Build.0 = Release|Any CPU
		{4DFF6CF4-2EA6-4CF9-AC1A-9D7473B73263}.Release|iPhone.ActiveCfg = Release|Any CPU
		{4DFF6CF4-2EA6-4CF9-AC1A-9D7473B73263}.Release|iPhone.Build.0 = Release|Any CPU
		{4DFF6CF4-2EA6-4CF9-AC1A-9D7473B73263}.Release|iPhoneSimulator.ActiveCfg = Release|Any CPU
		{4DFF6CF4-2EA6-4CF9-AC1A-9D7473B73263}.Release|iPhoneSimulator.Build.0 = Release|Any CPU
		{4DFF6CF4-2EA6-4CF9-AC1A-9D7473B73263}.Release|x64.ActiveCfg = Release|Any CPU
		{4DFF6CF4-2EA6-4CF9-AC1A-9D7473B73263}.Release|x64.Build.0 = Release|Any CPU
		{4DFF6CF4-2EA6-4CF9-AC1A-9D7473B73263}.Release|x86.ActiveCfg = Release|Any CPU
		{4DFF6CF4-2EA6-4CF9-AC1A-9D7473B73263}.Release|x86.Build.0 = Release|Any CPU
	EndGlobalSection
	GlobalSection(SolutionProperties) = preSolution
		HideSolutionNode = FALSE
	EndGlobalSection
	GlobalSection(NestedProjects) = preSolution
		{671DE87E-77AD-48D0-8F4C-45C635D8566C} = {A421F6CA-674D-4D05-9C4E-CCC81B1111A0}
		{CAEBE537-8712-425E-B61C-F979F3F45CB3} = {A421F6CA-674D-4D05-9C4E-CCC81B1111A0}
		{A05894C3-EBA2-4500-9ED9-81CBFA121706} = {671DE87E-77AD-48D0-8F4C-45C635D8566C}
		{EFB46D99-A9CF-48D9-8660-CE9CCD52272E} = {671DE87E-77AD-48D0-8F4C-45C635D8566C}
		{EA0D84CF-D35C-4378-B912-6B8FCD05B512} = {CAEBE537-8712-425E-B61C-F979F3F45CB3}
		{A87E1233-AEF7-46E9-B1CC-6D905CC87A6A} = {A421F6CA-674D-4D05-9C4E-CCC81B1111A0}
		{02042065-08DD-4F02-86A9-69A80CF08A57} = {A421F6CA-674D-4D05-9C4E-CCC81B1111A0}
		{4DFF6CF4-2EA6-4CF9-AC1A-9D7473B73263} = {A421F6CA-674D-4D05-9C4E-CCC81B1111A0}
	EndGlobalSection
	GlobalSection(ExtensibilityGlobals) = postSolution
		SolutionGuid = {94999D3C-0826-425E-9722-582845DFDFC9}
	EndGlobalSection
EndGlobal
